PODS:
  - AFNetworking (3.1.0):
    - AFNetworking/NSURLSession (= 3.1.0)
    - AFNetworking/Reachability (= 3.1.0)
    - AFNetworking/Security (= 3.1.0)
    - AFNetworking/Serialization (= 3.1.0)
    - AFNetworking/UIKit (= 3.1.0)
  - AFNetworking/NSURLSession (3.1.0):
    - AFNetworking/Reachability
    - AFNetworking/Security
    - AFNetworking/Serialization
  - AFNetworking/Reachability (3.1.0)
  - AFNetworking/Security (3.1.0)
  - AFNetworking/Serialization (3.1.0)
  - AFNetworking/UIKit (3.1.0):
    - AFNetworking/NSURLSession
  - FMDB (2.6.2):
    - FMDB/standard (= 2.6.2)
  - FMDB/standard (2.6.2)
  - HyphenateLite_CN (3.2.0)
  - JSPatchPlatform (1.6.2):
    - JSPatchPlatform/Core (= 1.6.2)
  - JSPatchPlatform/Core (1.6.2)
  - Masonry (1.0.2)
  - MBProgressHUD (0.9.2)
  - MJRefresh (3.1.12)
  - RDVTabBarController (1.1.9)
  - SDWebImage (3.8.2):
    - SDWebImage/Core (= 3.8.2)
  - SDWebImage/Core (3.8.2)
  - UMengSocialCOM (5.2.1)
  - YYKit (1.0.9):
    - YYKit/no-arc (= 1.0.9)
  - YYKit/no-arc (1.0.9)

DEPENDENCIES:
  - AFNetworking (~> 3.1.0)
  - FMDB (~> 2.6.2)
  - HyphenateLite_CN
  - JSPatchPlatform (~> 1.6.2)
  - Masonry (~> 1.0.1)
  - MBProgressHUD (~> 0.9.2)
  - MJRefresh (~> 3.1.12)
  - RDVTabBarController (~> 1.1.9)
  - SDWebImage (~> 3.8.1)
  - UMengSocialCOM (~> 5.2.1)
  - YYKit (~> 1.0.7)

SPEC CHECKSUMS:
  AFNetworking: 5e0e199f73d8626b11e79750991f5d173d1f8b67
  FMDB: 854a0341b4726e53276f2a8996f06f1b80f9259a
  HyphenateLite_CN: b1b023ca05b254f495924711158b3112abf37c04
  JSPatchPlatform: 105e331f1b899a397d2bc0300a9ace9f9d7b8f08
  Masonry: 7c429b56da9d4ee0bbb3ed77a5ea710d6a5df39e
  MBProgressHUD: 1569cf7ace17a8bac47aabfbb8580a49690386d1
  MJRefresh: b96cdb21c4aa75a7b07654311ab2f315c497e806
  RDVTabBarController: 67794f7a7a37f8e32f046f85ac67d06ab92d624a
  SDWebImage: 098e97e6176540799c27e804c96653ee0833d13c
  UMengSocialCOM: 074c135ce349aa4c8848d3fb8458757bcb6ffb67
  YYKit: 7cda43304a8dc3696c449041e2cb3107b4e236e7

PODFILE CHECKSUM: a72a296ffd9b11aad4c56212f4882e8b354c4907

COCOAPODS: 1.1.1
